// !$*UTF8*$!
{
	archiveVersion = 1;
	classes = {
	};
	objectVersion = 48;
	objects = {

/* Begin PBXBuildFile section */
		3AFBFF621FD149890066D381 /* AppDelegate.swift in Sources */ = {isa = PBXBuildFile; fileRef = 3AFBFF611FD149890066D381 /* AppDelegate.swift */; };
		3AFBFF641FD149890066D381 /* ViewController.swift in Sources */ = {isa = PBXBuildFile; fileRef = 3AFBFF631FD149890066D381 /* ViewController.swift */; };
		3AFBFF671FD149890066D381 /* Main.storyboard in Resources */ = {isa = PBXBuildFile; fileRef = 3AFBFF651FD149890066D381 /* Main.storyboard */; };
		3AFBFF691FD149890066D381 /* Assets.xcassets in Resources */ = {isa = PBXBuildFile; fileRef = 3AFBFF681FD149890066D381 /* Assets.xcassets */; };
		3AFBFF6C1FD1498A0066D381 /* LaunchScreen.storyboard in Resources */ = {isa = PBXBuildFile; fileRef = 3AFBFF6A1FD1498A0066D381 /* LaunchScreen.storyboard */; };
		3AFBFF761FD155320066D381 /* BorderButton.swift in Sources */ = {isa = PBXBuildFile; fileRef = 3AFBFF751FD155320066D381 /* BorderButton.swift */; };
/* End PBXBuildFile section */

/* Begin PBXFileReference section */
		3AFBFF5E1FD149890066D381 /* uncal-bola-basket.app */ = {isa = PBXFileReference; explicitFileType = wrapper.application; includeInIndex = 0; path = "uncal-bola-basket.app"; sourceTree = BUILT_PRODUCTS_DIR; };
		3AFBFF611FD149890066D381 /* AppDelegate.swift */ = {isa = PBXFileReference; lastKnownFileType = sourcecode.swift; path = AppDelegate.swift; sourceTree = "<group>"; };
		3AFBFF631FD149890066D381 /* ViewController.swift */ = {isa = PBXFileReference; lastKnownFileType = sourcecode.swift; path = ViewController.swift; sourceTree = "<group>"; };
		3AFBFF661FD149890066D381 /* Base */ = {isa = PBXFileReference; lastKnownFileType = file.storyboard; name = Base; path = Base.lproj/Main.storyboard; sourceTree = "<group>"; };
		3AFBFF681FD149890066D381 /* Assets.xcassets */ = {isa = PBXFileReference; lastKnownFileType = folder.assetcatalog; path = Assets.xcassets; sourceTree = "<group>"; };
		3AFBFF6B1FD1498A0066D381 /* Base */ = {isa = PBXFileReference; lastKnownFileType = file.storyboard; name = Base; path = Base.lproj/LaunchScreen.storyboard; sourceTree = "<group>"; };
		3AFBFF6D1FD1498A0066D381 /* Info.plist */ = {isa = PBXFileReference; lastKnownFileType = text.plist.xml; path = Info.plist; sourceTree = "<group>"; };
		3AFBFF751FD155320066D381 /* BorderButton.swift */ = {isa = PBXFileReference; lastKnownFileType = sourcecode.swift; path = BorderButton.swift; sourceTree = "<group>"; };
/* End PBXFileReference section */

/* Begin PBXFrameworksBuildPhase section */
		3AFBFF5B1FD149890066D381 /* Frameworks */ = {
			isa = PBXFrameworksBuildPhase;
			buildActionMask = 2147483647;
			files = (
			);
			runOnlyForDeploymentPostprocessing = 0;
		};
/* End PBXFrameworksBuildPhase section */

/* Begin PBXGroup section */
		3AFBFF551FD149890066D381 = {
			isa = PBXGroup;
			children = (
				3AFBFF601FD149890066D381 /* uncal-bola-basket */,
				3AFBFF5F1FD149890066D381 /* Products */,
			);
			sourceTree = "<group>";
		};
		3AFBFF5F1FD149890066D381 /* Products */ = {
			isa = PBXGroup;
			children = (
				3AFBFF5E1FD149890066D381 /* uncal-bola-basket.app */,
			);
			name = Products;
			sourceTree = "<group>";
		};
		3AFBFF601FD149890066D381 /* uncal-bola-basket */ = {
			isa = PBXGroup;
			children = (
				3AFBFF741FD154E40066D381 /* Views */,
				3AFBFF611FD149890066D381 /* AppDelegate.swift */,
				3AFBFF631FD149890066D381 /* ViewController.swift */,
				3AFBFF651FD149890066D381 /* Main.storyboard */,
				3AFBFF681FD149890066D381 /* Assets.xcassets */,
				3AFBFF6A1FD1498A0066D381 /* LaunchScreen.storyboard */,
				3AFBFF6D1FD1498A0066D381 /* Info.plist */,
			);
			path = "uncal-bola-basket";
			sourceTree = "<group>";
		};
		3AFBFF741FD154E40066D381 /* Views */ = {
			isa = PBXGroup;
			children = (
				3AFBFF751FD155320066D381 /* BorderButton.swift */,
			);
			path = Views;
			sourceTree = "<group>";
		};
/* End PBXGroup section */

/* Begin PBXNativeTarget section */
		3AFBFF5D1FD149890066D381 /* uncal-bola-basket */ = {
			isa = PBXNativeTarget;
			buildConfigurationList = 3AFBFF701FD1498A0066D381 /* Build configuration list for PBXNativeTarget "uncal-bola-basket" */;
			buildPhases = (
				3AFBFF5A1FD149890066D381 /* Sources */,
				3AFBFF5B1FD149890066D381 /* Frameworks */,
				3AFBFF5C1FD149890066D381 /* Resources */,
			);
			buildRules = (
			);
			dependencies = (
			);
			name = "uncal-bola-basket";
			productName = "uncal-bola-basket";
			productReference = 3AFBFF5E1FD149890066D381 /* uncal-bola-basket.app */;
			productType = "com.apple.product-type.application";
		};
/* End PBXNativeTarget section */

/* Begin PBXProject section */
		3AFBFF561FD149890066D381 /* Project object */ = {
			isa = PBXProject;
			attributes = {
				LastSwiftUpdateCheck = 0910;
				LastUpgradeCheck = 0910;
				ORGANIZATIONNAME = "pratama setya aji";
				TargetAttributes = {
					3AFBFF5D1FD149890066D381 = {
						CreatedOnToolsVersion = 9.1;
						ProvisioningStyle = Automatic;
					};
				};
			};
			buildConfigurationList = 3AFBFF591FD149890066D381 /* Build configuration list for PBXProject "uncal-bola-basket" */;
			compatibilityVersion = "Xcode 8.0";
			developmentRegion = en;
			hasScannedForEncodings = 0;
			knownRegions = (
				en,
				Base,
			);
			mainGroup = 3AFBFF551FD149890066D381;
			productRefGroup = 3AFBFF5F1FD149890066D381 /* Products */;
			projectDirPath = "";
			projectRoot = "";
			targets = (
				3AFBFF5D1FD149890066D381 /* uncal-bola-basket */,
			);
		};
/* End PBXProject section */

/* Begin PBXResourcesBuildPhase section */
		3AFBFF5C1FD149890066D381 /* Resources */ = {
			isa = PBXResourcesBuildPhase;
			buildActionMask = 2147483647;
			files = (
				3AFBFF6C1FD1498A0066D381 /* LaunchScreen.storyboard in Resources */,
				3AFBFF691FD149890066D381 /* Assets.xcassets in Resources */,
				3AFBFF671FD149890066D381 /* Main.storyboard in Resources */,
			);
			runOnlyForDeploymentPostprocessing = 0;
		};
/* End PBXResourcesBuildPhase section */

/* Begin PBXSourcesBuildPhase section */
		3AFBFF5A1FD149890066D381 /* Sources */ = {
			isa = PBXSourcesBuildPhase;
			buildActionMask = 2147483647;
			files = (
				3AFBFF641FD149890066D381 /* ViewController.swift in Sources */,
				3AFBFF621FD149890066D381 /* AppDelegate.swift in Sources */,
				3AFBFF761FD155320066D381 /* BorderButton.swift in Sources */,
			);
			runOnlyForDeploymentPostprocessing = 0;
		};
/* End PBXSourcesBuildPhase section */

/* Begin PBXVariantGroup section */
		3AFBFF651FD149890066D381 /* Main.storyboard */ = {
			isa = PBXVariantGroup;
			children = (
				3AFBFF661FD149890066D381 /* Base */,
			);
			name = Main.storyboard;
			sourceTree = "<group>";
		};
		3AFBFF6A1FD1498A0066D381 /* LaunchScreen.storyboard */ = {
			isa = PBXVariantGroup;
			children = (
				3AFBFF6B1FD1498A0066D381 /* Base */,
			);
			name = LaunchScreen.storyboard;
			sourceTree = "<group>";
		};
/* End PBXVariantGroup section */

/* Begin XCBuildConfiguration section */
		3AFBFF6E1FD1498A0066D381 /* Debug */ = {
			isa = XCBuildConfiguration;
			buildSettings = {
				ALWAYS_SEARCH_USER_PATHS = NO;
				CLANG_ANALYZER_NONNULL = YES;
				CLANG_ANALYZER_NUMBER_OBJECT_CONVERSION = YES_AGGRESSIVE;
				CLANG_CXX_LANGUAGE_STANDARD = "gnu++14";
				CLANG_CXX_LIBRARY = "libc++";
				CLANG_ENABLE_MODULES = YES;
				CLANG_ENABLE_OBJC_ARC = YES;
				CLANG_WARN_BLOCK_CAPTURE_AUTORELEASING = YES;
				CLANG_WARN_BOOL_CONVERSION = YES;
				CLANG_WARN_COMMA = YES;
				CLANG_WARN_CONSTANT_CONVERSION = YES;
				CLANG_WARN_DIRECT_OBJC_ISA_USAGE = YES_ERROR;
				CLANG_WARN_DOCUMENTATION_COMMENTS = YES;
				CLANG_WARN_EMPTY_BODY = YES;
				CLANG_WARN_ENUM_CONVERSION = YES;
				CLANG_WARN_INFINITE_RECURSION = YES;
				CLANG_WARN_INT_CONVERSION = YES;
				CLANG_WARN_NON_LITERAL_NULL_CONVERSION = YES;
				CLANG_WARN_OBJC_LITERAL_CONVERSION = YES;
				CLANG_WARN_OBJC_ROOT_CLASS = YES_ERROR;
				CLANG_WARN_RANGE_LOOP_ANALYSIS = YES;
				CLANG_WARN_STRICT_PROTOTYPES = YES;
				CLANG_WARN_SUSPICIOUS_MOVE = YES;
				CLANG_WARN_UNGUARDED_AVAILABILITY = YES_AGGRESSIVE;
				CLANG_WARN_UNREACHABLE_CODE = YES;
				CLANG_WARN__DUPLICATE_METHOD_MATCH = YES;
				CODE_SIGN_IDENTITY = "iPhone Developer";
				COPY_PHASE_STRIP = NO;
				DEBUG_INFORMATION_FORMAT = dwarf;
				ENABLE_STRICT_OBJC_MSGSEND = YES;
				ENABLE_TESTABILITY = YES;
				GCC_C_LANGUAGE_STANDARD = gnu11;
				GCC_DYNAMIC_NO_PIC = NO;
				GCC_NO_COMMON_BLOCKS = YES;
				GCC_OPTIMIZATION_LEVEL = 0;
				GCC_PREPROCESSOR_DEFINITIONS = (
					"DEBUG=1",
					"$(inherited)",
				);
				GCC_WARN_64_TO_32_BIT_CONVERSION = YES;
				GCC_WARN_ABOUT_RETURN_TYPE = YES_ERROR;
				GCC_WARN_UNDECLARED_SELECTOR = YES;
				GCC_WARN_UNINITIALIZED_AUTOS = YES_AGGRESSIVE;
				GCC_WARN_UNUSED_FUNCTION = YES;
				GCC_WARN_UNUSED_VARIABLE = YES;
				IPHONEOS_DEPLOYMENT_TARGET = 11.1;
				MTL_ENABLE_DEBUG_INFO = YES;
				ONLY_ACTIVE_ARCH = YES;
				SDKROOT = iphoneos;
				SWIFT_ACTIVE_COMPILATION_CONDITIONS = DEBUG;
				SWIFT_OPTIMIZATION_LEVEL = "-Onone";
			};
			name = Debug;
		};
		3AFBFF6F1FD1498A0066D381 /* Release */ = {
			isa = XCBuildConfiguration;
			buildSettings = {
				ALWAYS_SEARCH_USER_PATHS = NO;
				CLANG_ANALYZER_NONNULL = YES;
				CLANG_ANALYZER_NUMBER_OBJECT_CONVERSION = YES_AGGRESSIVE;
				CLANG_CXX_LANGUAGE_STANDARD = "gnu++14";
				CLANG_CXX_LIBRARY = "libc++";
				CLANG_ENABLE_MODULES = YES;
				CLANG_ENABLE_OBJC_ARC = YES;
				CLANG_WARN_BLOCK_CAPTURE_AUTORELEASING = YES;
				CLANG_WARN_BOOL_CONVERSION = YES;
				CLANG_WARN_COMMA = YES;
				CLANG_WARN_CONSTANT_CONVERSION = YES;
				CLANG_WARN_DIRECT_OBJC_ISA_USAGE = YES_ERROR;
				CLANG_WARN_DOCUMENTATION_COMMENTS = YES;
				CLANG_WARN_EMPTY_BODY = YES;
				CLANG_WARN_ENUM_CONVERSION = YES;
				CLANG_WARN_INFINITE_RECURSION = YES;
				CLANG_WARN_INT_CONVERSION = YES;
				CLANG_WARN_NON_LITERAL_NULL_CONVERSION = YES;
				CLANG_WARN_OBJC_LITERAL_CONVERSION = YES;
				CLANG_WARN_OBJC_ROOT_CLASS = YES_ERROR;
				CLANG_WARN_RANGE_LOOP_ANALYSIS = YES;
				CLANG_WARN_STRICT_PROTOTYPES = YES;
				CLANG_WARN_SUSPICIOUS_MOVE = YES;
				CLANG_WARN_UNGUARDED_AVAILABILITY = YES_AGGRESSIVE;
				CLANG_WARN_UNREACHABLE_CODE = YES;
				CLANG_WARN__DUPLICATE_METHOD_MATCH = YES;
				CODE_SIGN_IDENTITY = "iPhone Developer";
				COPY_PHASE_STRIP = NO;
				DEBUG_INFORMATION_FORMAT = "dwarf-with-dsym";
				ENABLE_NS_ASSERTIONS = NO;
				ENABLE_STRICT_OBJC_MSGSEND = YES;
				GCC_C_LANGUAGE_STANDARD = gnu11;
				GCC_NO_COMMON_BLOCKS = YES;
				GCC_WARN_64_TO_32_BIT_CONVERSION = YES;
				GCC_WARN_ABOUT_RETURN_TYPE = YES_ERROR;
				GCC_WARN_UNDECLARED_SELECTOR = YES;
				GCC_WARN_UNINITIALIZED_AUTOS = YES_AGGRESSIVE;
				GCC_WARN_UNUSED_FUNCTION = YES;
				GCC_WARN_UNUSED_VARIABLE = YES;
				IPHONEOS_DEPLOYMENT_TARGET = 11.1;
				MTL_ENABLE_DEBUG_INFO = NO;
				SDKROOT = iphoneos;
				SWIFT_OPTIMIZATION_LEVEL = "-Owholemodule";
				VALIDATE_PRODUCT = YES;
			};
			name = Release;
		};
		3AFBFF711FD1498A0066D381 /* Debug */ = {
			isa = XCBuildConfiguration;
			buildSettings = {
				ASSETCATALOG_COMPILER_APPICON_NAME = AppIcon;
				CODE_SIGN_STYLE = Automatic;
				INFOPLIST_FILE = "uncal-bola-basket/Info.plist";
				LD_RUNPATH_SEARCH_PATHS = "$(inherited) @executable_path/Frameworks";
				PRODUCT_BUNDLE_IDENTIFIER = "pratama.uncal-bola-basket";
				PRODUCT_NAME = "$(TARGET_NAME)";
				SWIFT_VERSION = 4.0;
				TARGETED_DEVICE_FAMILY = "1,2";
			};
			name = Debug;
		};
		3AFBFF721FD1498A0066D381 /* Release */ = {
			isa = XCBuildConfiguration;
			buildSettings = {
				ASSETCATALOG_COMPILER_APPICON_NAME = AppIcon;
				CODE_SIGN_STYLE = Automatic;
				INFOPLIST_FILE = "uncal-bola-basket/Info.plist";
				LD_RUNPATH_SEARCH_PATHS = "$(inherited) @executable_path/Frameworks";
				PRODUCT_BUNDLE_IDENTIFIER = "pratama.uncal-bola-basket";
				PRODUCT_NAME = "$(TARGET_NAME)";
				SWIFT_VERSION = 4.0;
				TARGETED_DEVICE_FAMILY = "1,2";
			};
			name = Release;
		};
/* End XCBuildConfiguration section */

/* Begin XCConfigurationList section */
		3AFBFF591FD149890066D381 /* Build configuration list for PBXProject "uncal-bola-basket" */ = {
			isa = XCConfigurationList;
			buildConfigurations = (
				3AFBFF6E1FD1498A0066D381 /* Debug */,
				3AFBFF6F1FD1498A0066D381 /* Release */,
			);
			defaultConfigurationIsVisible = 0;
			defaultConfigurationName = Release;
		};
		3AFBFF701FD1498A0066D381 /* Build configuration list for PBXNativeTarget "uncal-bola-basket" */ = {
			isa = XCConfigurationList;
			buildConfigurations = (
				3AFBFF711FD1498A0066D381 /* Debug */,
				3AFBFF721FD1498A0066D381 /* Release */,
			);
			defaultConfigurationIsVisible = 0;
			defaultConfigurationName = Release;
		};
/* End XCConfigurationList section */
	};
	rootObject = 3AFBFF561FD149890066D381 /* Project object */;
}
